// !$*UTF8*$!
{
	archiveVersion = 1;
	classes = {
	};
	objectVersion = 55;
	objects = {

/* Begin PBXBuildFile section */
		CC125D2D28AE1B60000BABF5 /* readme in Resources */ = {isa = PBXBuildFile; fileRef = CC125D2C28AE1B60000BABF5 /* readme */; };
		CC76865928AB72B900B82C52 /* CoreSwiftApp.swift in Sources */ = {isa = PBXBuildFile; fileRef = CC76865828AB72B900B82C52 /* CoreSwiftApp.swift */; };
		CC76865B28AB72B900B82C52 /* ContentView.swift in Sources */ = {isa = PBXBuildFile; fileRef = CC76865A28AB72B900B82C52 /* ContentView.swift */; };
		CC76865D28AB72BB00B82C52 /* Assets.xcassets in Resources */ = {isa = PBXBuildFile; fileRef = CC76865C28AB72BB00B82C52 /* Assets.xcassets */; };
		CC76866028AB72BB00B82C52 /* Preview Assets.xcassets in Resources */ = {isa = PBXBuildFile; fileRef = CC76865F28AB72BB00B82C52 /* Preview Assets.xcassets */; };
		CC76866D28AB73B400B82C52 /* SwiftUIBasicApp.swift in Sources */ = {isa = PBXBuildFile; fileRef = CC76866C28AB73B400B82C52 /* SwiftUIBasicApp.swift */; };
		CC76866F28AB73B400B82C52 /* WeSplitContentView.swift in Sources */ = {isa = PBXBuildFile; fileRef = CC76866E28AB73B400B82C52 /* WeSplitContentView.swift */; };
		CC76867128AB73B600B82C52 /* Assets.xcassets in Resources */ = {isa = PBXBuildFile; fileRef = CC76867028AB73B600B82C52 /* Assets.xcassets */; };
		CC76867428AB73B600B82C52 /* Preview Assets.xcassets in Resources */ = {isa = PBXBuildFile; fileRef = CC76867328AB73B600B82C52 /* Preview Assets.xcassets */; };
		CC76867928AB78FE00B82C52 /* GuessTheFlagContentView.swift in Sources */ = {isa = PBXBuildFile; fileRef = CC76867828AB78FE00B82C52 /* GuessTheFlagContentView.swift */; };
		CC76868128AB7CE800B82C52 /* DesignPatternApp.swift in Sources */ = {isa = PBXBuildFile; fileRef = CC76868028AB7CE800B82C52 /* DesignPatternApp.swift */; };
		CC76868328AB7CE800B82C52 /* ContentView.swift in Sources */ = {isa = PBXBuildFile; fileRef = CC76868228AB7CE800B82C52 /* ContentView.swift */; };
		CC76868528AB7CEA00B82C52 /* Assets.xcassets in Resources */ = {isa = PBXBuildFile; fileRef = CC76868428AB7CEA00B82C52 /* Assets.xcassets */; };
		CC76868828AB7CEA00B82C52 /* Preview Assets.xcassets in Resources */ = {isa = PBXBuildFile; fileRef = CC76868728AB7CEA00B82C52 /* Preview Assets.xcassets */; };
/* End PBXBuildFile section */

/* Begin PBXFileReference section */
		CC125D2C28AE1B60000BABF5 /* readme */ = {isa = PBXFileReference; lastKnownFileType = text; path = readme; sourceTree = "<group>"; };
		CC76865528AB72B900B82C52 /* CoreSwift.app */ = {isa = PBXFileReference; explicitFileType = wrapper.application; includeInIndex = 0; path = CoreSwift.app; sourceTree = BUILT_PRODUCTS_DIR; };
		CC76865828AB72B900B82C52 /* CoreSwiftApp.swift */ = {isa = PBXFileReference; lastKnownFileType = sourcecode.swift; path = CoreSwiftApp.swift; sourceTree = "<group>"; };
		CC76865A28AB72B900B82C52 /* ContentView.swift */ = {isa = PBXFileReference; lastKnownFileType = sourcecode.swift; path = ContentView.swift; sourceTree = "<group>"; };
		CC76865C28AB72BB00B82C52 /* Assets.xcassets */ = {isa = PBXFileReference; lastKnownFileType = folder.assetcatalog; path = Assets.xcassets; sourceTree = "<group>"; };
		CC76865F28AB72BB00B82C52 /* Preview Assets.xcassets */ = {isa = PBXFileReference; lastKnownFileType = folder.assetcatalog; path = "Preview Assets.xcassets"; sourceTree = "<group>"; };
		CC76866A28AB73B400B82C52 /* SwiftUIBasic.app */ = {isa = PBXFileReference; explicitFileType = wrapper.application; includeInIndex = 0; path = SwiftUIBasic.app; sourceTree = BUILT_PRODUCTS_DIR; };
		CC76866C28AB73B400B82C52 /* SwiftUIBasicApp.swift */ = {isa = PBXFileReference; lastKnownFileType = sourcecode.swift; path = SwiftUIBasicApp.swift; sourceTree = "<group>"; };
		CC76866E28AB73B400B82C52 /* WeSplitContentView.swift */ = {isa = PBXFileReference; lastKnownFileType = sourcecode.swift; path = WeSplitContentView.swift; sourceTree = "<group>"; };
		CC76867028AB73B600B82C52 /* Assets.xcassets */ = {isa = PBXFileReference; lastKnownFileType = folder.assetcatalog; path = Assets.xcassets; sourceTree = "<group>"; };
		CC76867328AB73B600B82C52 /* Preview Assets.xcassets */ = {isa = PBXFileReference; lastKnownFileType = folder.assetcatalog; path = "Preview Assets.xcassets"; sourceTree = "<group>"; };
		CC76867828AB78FE00B82C52 /* GuessTheFlagContentView.swift */ = {isa = PBXFileReference; lastKnownFileType = sourcecode.swift; path = GuessTheFlagContentView.swift; sourceTree = "<group>"; };
		CC76867E28AB7CE800B82C52 /* DesignPattern.app */ = {isa = PBXFileReference; explicitFileType = wrapper.application; includeInIndex = 0; path = DesignPattern.app; sourceTree = BUILT_PRODUCTS_DIR; };
		CC76868028AB7CE800B82C52 /* DesignPatternApp.swift */ = {isa = PBXFileReference; lastKnownFileType = sourcecode.swift; path = DesignPatternApp.swift; sourceTree = "<group>"; };
		CC76868228AB7CE800B82C52 /* ContentView.swift */ = {isa = PBXFileReference; lastKnownFileType = sourcecode.swift; path = ContentView.swift; sourceTree = "<group>"; };
		CC76868428AB7CEA00B82C52 /* Assets.xcassets */ = {isa = PBXFileReference; lastKnownFileType = folder.assetcatalog; path = Assets.xcassets; sourceTree = "<group>"; };
		CC76868728AB7CEA00B82C52 /* Preview Assets.xcassets */ = {isa = PBXFileReference; lastKnownFileType = folder.assetcatalog; path = "Preview Assets.xcassets"; sourceTree = "<group>"; };
/* End PBXFileReference section */

/* Begin PBXFrameworksBuildPhase section */
		CC76865228AB72B900B82C52 /* Frameworks */ = {
			isa = PBXFrameworksBuildPhase;
			buildActionMask = 2147483647;
			files = (
			);
			runOnlyForDeploymentPostprocessing = 0;
		};
		CC76866728AB73B400B82C52 /* Frameworks */ = {
			isa = PBXFrameworksBuildPhase;
			buildActionMask = 2147483647;
			files = (
			);
			runOnlyForDeploymentPostprocessing = 0;
		};
		CC76867B28AB7CE800B82C52 /* Frameworks */ = {
			isa = PBXFrameworksBuildPhase;
			buildActionMask = 2147483647;
			files = (
			);
			runOnlyForDeploymentPostprocessing = 0;
		};
/* End PBXFrameworksBuildPhase section */

/* Begin PBXGroup section */
		CC76864C28AB72B900B82C52 = {
			isa = PBXGroup;
			children = (
				CC76865728AB72B900B82C52 /* CoreSwift */,
				CC76866B28AB73B400B82C52 /* SwiftUIBasic */,
				CC76867F28AB7CE800B82C52 /* DesignPattern */,
				CC76865628AB72B900B82C52 /* Products */,
			);
			sourceTree = "<group>";
		};
		CC76865628AB72B900B82C52 /* Products */ = {
			isa = PBXGroup;
			children = (
				CC76865528AB72B900B82C52 /* CoreSwift.app */,
				CC76866A28AB73B400B82C52 /* SwiftUIBasic.app */,
				CC76867E28AB7CE800B82C52 /* DesignPattern.app */,
			);
			name = Products;
			sourceTree = "<group>";
		};
		CC76865728AB72B900B82C52 /* CoreSwift */ = {
			isa = PBXGroup;
			children = (
				CC76865828AB72B900B82C52 /* CoreSwiftApp.swift */,
				CC76865A28AB72B900B82C52 /* ContentView.swift */,
				CC76865C28AB72BB00B82C52 /* Assets.xcassets */,
				CC76865E28AB72BB00B82C52 /* Preview Content */,
			);
			path = CoreSwift;
			sourceTree = "<group>";
		};
		CC76865E28AB72BB00B82C52 /* Preview Content */ = {
			isa = PBXGroup;
			children = (
				CC76865F28AB72BB00B82C52 /* Preview Assets.xcassets */,
			);
			path = "Preview Content";
			sourceTree = "<group>";
		};
		CC76866B28AB73B400B82C52 /* SwiftUIBasic */ = {
			isa = PBXGroup;
			children = (
				CC76866C28AB73B400B82C52 /* SwiftUIBasicApp.swift */,
				CC76866E28AB73B400B82C52 /* WeSplitContentView.swift */,
				CC76867828AB78FE00B82C52 /* GuessTheFlagContentView.swift */,
				CC76867028AB73B600B82C52 /* Assets.xcassets */,
				CC76867228AB73B600B82C52 /* Preview Content */,
			);
			path = SwiftUIBasic;
			sourceTree = "<group>";
		};
		CC76867228AB73B600B82C52 /* Preview Content */ = {
			isa = PBXGroup;
			children = (
				CC76867328AB73B600B82C52 /* Preview Assets.xcassets */,
			);
			path = "Preview Content";
			sourceTree = "<group>";
		};
		CC76867F28AB7CE800B82C52 /* DesignPattern */ = {
			isa = PBXGroup;
			children = (
				CC76868C28AB7D0F00B82C52 /* MVC */,
				CC76868028AB7CE800B82C52 /* DesignPatternApp.swift */,
				CC76868228AB7CE800B82C52 /* ContentView.swift */,
				CC76868428AB7CEA00B82C52 /* Assets.xcassets */,
				CC76868628AB7CEA00B82C52 /* Preview Content */,
			);
			path = DesignPattern;
			sourceTree = "<group>";
		};
		CC76868628AB7CEA00B82C52 /* Preview Content */ = {
			isa = PBXGroup;
			children = (
				CC76868728AB7CEA00B82C52 /* Preview Assets.xcassets */,
			);
			path = "Preview Content";
			sourceTree = "<group>";
		};
		CC76868C28AB7D0F00B82C52 /* MVC */ = {
			isa = PBXGroup;
			children = (
				CC125D2C28AE1B60000BABF5 /* readme */,
			);
			path = MVC;
			sourceTree = "<group>";
		};
/* End PBXGroup section */

/* Begin PBXNativeTarget section */
		CC76865428AB72B900B82C52 /* CoreSwift */ = {
			isa = PBXNativeTarget;
			buildConfigurationList = CC76866328AB72BB00B82C52 /* Build configuration list for PBXNativeTarget "CoreSwift" */;
			buildPhases = (
				CC76865128AB72B900B82C52 /* Sources */,
				CC76865228AB72B900B82C52 /* Frameworks */,
				CC76865328AB72B900B82C52 /* Resources */,
			);
			buildRules = (
			);
			dependencies = (
			);
			name = CoreSwift;
			productName = CoreSwift;
			productReference = CC76865528AB72B900B82C52 /* CoreSwift.app */;
			productType = "com.apple.product-type.application";
		};
		CC76866928AB73B400B82C52 /* SwiftUIBasic */ = {
			isa = PBXNativeTarget;
			buildConfigurationList = CC76867528AB73B600B82C52 /* Build configuration list for PBXNativeTarget "SwiftUIBasic" */;
			buildPhases = (
				CC76866628AB73B400B82C52 /* Sources */,
				CC76866728AB73B400B82C52 /* Frameworks */,
				CC76866828AB73B400B82C52 /* Resources */,
			);
			buildRules = (
			);
			dependencies = (
			);
			name = SwiftUIBasic;
			productName = SwiftUIBasic;
			productReference = CC76866A28AB73B400B82C52 /* SwiftUIBasic.app */;
			productType = "com.apple.product-type.application";
		};
		CC76867D28AB7CE800B82C52 /* DesignPattern */ = {
			isa = PBXNativeTarget;
			buildConfigurationList = CC76868928AB7CEA00B82C52 /* Build configuration list for PBXNativeTarget "DesignPattern" */;
			buildPhases = (
				CC76867A28AB7CE800B82C52 /* Sources */,
				CC76867B28AB7CE800B82C52 /* Frameworks */,
				CC76867C28AB7CE800B82C52 /* Resources */,
			);
			buildRules = (
			);
			dependencies = (
			);
			name = DesignPattern;
			productName = DesignPattern;
			productReference = CC76867E28AB7CE800B82C52 /* DesignPattern.app */;
			productType = "com.apple.product-type.application";
		};
/* End PBXNativeTarget section */

/* Begin PBXProject section */
		CC76864D28AB72B900B82C52 /* Project object */ = {
			isa = PBXProject;
			attributes = {
				BuildIndependentTargetsInParallel = 1;
				LastSwiftUpdateCheck = 1310;
				LastUpgradeCheck = 1310;
				TargetAttributes = {
					CC76865428AB72B900B82C52 = {
						CreatedOnToolsVersion = 13.1;
					};
					CC76866928AB73B400B82C52 = {
						CreatedOnToolsVersion = 13.1;
					};
					CC76867D28AB7CE800B82C52 = {
						CreatedOnToolsVersion = 13.1;
					};
				};
			};
			buildConfigurationList = CC76865028AB72B900B82C52 /* Build configuration list for PBXProject "CoreSwift" */;
			compatibilityVersion = "Xcode 13.0";
			developmentRegion = en;
			hasScannedForEncodings = 0;
			knownRegions = (
				en,
				Base,
			);
			mainGroup = CC76864C28AB72B900B82C52;
			productRefGroup = CC76865628AB72B900B82C52 /* Products */;
			projectDirPath = "";
			projectRoot = "";
			targets = (
				CC76865428AB72B900B82C52 /* CoreSwift */,
				CC76866928AB73B400B82C52 /* SwiftUIBasic */,
				CC76867D28AB7CE800B82C52 /* DesignPattern */,
			);
		};
/* End PBXProject section */

/* Begin PBXResourcesBuildPhase section */
		CC76865328AB72B900B82C52 /* Resources */ = {
			isa = PBXResourcesBuildPhase;
			buildActionMask = 2147483647;
			files = (
				CC76866028AB72BB00B82C52 /* Preview Assets.xcassets in Resources */,
				CC76865D28AB72BB00B82C52 /* Assets.xcassets in Resources */,
			);
			runOnlyForDeploymentPostprocessing = 0;
		};
		CC76866828AB73B400B82C52 /* Resources */ = {
			isa = PBXResourcesBuildPhase;
			buildActionMask = 2147483647;
			files = (
				CC76867428AB73B600B82C52 /* Preview Assets.xcassets in Resources */,
				CC76867128AB73B600B82C52 /* Assets.xcassets in Resources */,
			);
			runOnlyForDeploymentPostprocessing = 0;
		};
		CC76867C28AB7CE800B82C52 /* Resources */ = {
			isa = PBXResourcesBuildPhase;
			buildActionMask = 2147483647;
			files = (
				CC125D2D28AE1B60000BABF5 /* readme in Resources */,
				CC76868828AB7CEA00B82C52 /* Preview Assets.xcassets in Resources */,
				CC76868528AB7CEA00B82C52 /* Assets.xcassets in Resources */,
			);
			runOnlyForDeploymentPostprocessing = 0;
		};
/* End PBXResourcesBuildPhase section */

/* Begin PBXSourcesBuildPhase section */
		CC76865128AB72B900B82C52 /* Sources */ = {
			isa = PBXSourcesBuildPhase;
			buildActionMask = 2147483647;
			files = (
				CC76865B28AB72B900B82C52 /* ContentView.swift in Sources */,
				CC76865928AB72B900B82C52 /* CoreSwiftApp.swift in Sources */,
			);
			runOnlyForDeploymentPostprocessing = 0;
		};
		CC76866628AB73B400B82C52 /* Sources */ = {
			isa = PBXSourcesBuildPhase;
			buildActionMask = 2147483647;
			files = (
				CC76866F28AB73B400B82C52 /* WeSplitContentView.swift in Sources */,
				CC76866D28AB73B400B82C52 /* SwiftUIBasicApp.swift in Sources */,
				CC76867928AB78FE00B82C52 /* GuessTheFlagContentView.swift in Sources */,
			);
			runOnlyForDeploymentPostprocessing = 0;
		};
		CC76867A28AB7CE800B82C52 /* Sources */ = {
			isa = PBXSourcesBuildPhase;
			buildActionMask = 2147483647;
			files = (
				CC76868328AB7CE800B82C52 /* ContentView.swift in Sources */,
				CC76868128AB7CE800B82C52 /* DesignPatternApp.swift in Sources */,
			);
			runOnlyForDeploymentPostprocessing = 0;
		};
/* End PBXSourcesBuildPhase section */

/* Begin XCBuildConfiguration section */
		CC76866128AB72BB00B82C52 /* Debug */ = {
			isa = XCBuildConfiguration;
			buildSettings = {
				ALWAYS_SEARCH_USER_PATHS = NO;
				CLANG_ANALYZER_NONNULL = YES;
				CLANG_ANALYZER_NUMBER_OBJECT_CONVERSION = YES_AGGRESSIVE;
				CLANG_CXX_LANGUAGE_STANDARD = "gnu++17";
				CLANG_CXX_LIBRARY = "libc++";
				CLANG_ENABLE_MODULES = YES;
				CLANG_ENABLE_OBJC_ARC = YES;
				CLANG_ENABLE_OBJC_WEAK = YES;
				CLANG_WARN_BLOCK_CAPTURE_AUTORELEASING = YES;
				CLANG_WARN_BOOL_CONVERSION = YES;
				CLANG_WARN_COMMA = YES;
				CLANG_WARN_CONSTANT_CONVERSION = YES;
				CLANG_WARN_DEPRECATED_OBJC_IMPLEMENTATIONS = YES;
				CLANG_WARN_DIRECT_OBJC_ISA_USAGE = YES_ERROR;
				CLANG_WARN_DOCUMENTATION_COMMENTS = YES;
				CLANG_WARN_EMPTY_BODY = YES;
				CLANG_WARN_ENUM_CONVERSION = YES;
				CLANG_WARN_INFINITE_RECURSION = YES;
				CLANG_WARN_INT_CONVERSION = YES;
				CLANG_WARN_NON_LITERAL_NULL_CONVERSION = YES;
				CLANG_WARN_OBJC_IMPLICIT_RETAIN_SELF = YES;
				CLANG_WARN_OBJC_LITERAL_CONVERSION = YES;
				CLANG_WARN_OBJC_ROOT_CLASS = YES_ERROR;
				CLANG_WARN_QUOTED_INCLUDE_IN_FRAMEWORK_HEADER = YES;
				CLANG_WARN_RANGE_LOOP_ANALYSIS = YES;
				CLANG_WARN_STRICT_PROTOTYPES = YES;
				CLANG_WARN_SUSPICIOUS_MOVE = YES;
				CLANG_WARN_UNGUARDED_AVAILABILITY = YES_AGGRESSIVE;
				CLANG_WARN_UNREACHABLE_CODE = YES;
				CLANG_WARN__DUPLICATE_METHOD_MATCH = YES;
				COPY_PHASE_STRIP = NO;
				DEBUG_INFORMATION_FORMAT = dwarf;
				ENABLE_STRICT_OBJC_MSGSEND = YES;
				ENABLE_TESTABILITY = YES;
				GCC_C_LANGUAGE_STANDARD = gnu11;
				GCC_DYNAMIC_NO_PIC = NO;
				GCC_NO_COMMON_BLOCKS = YES;
				GCC_OPTIMIZATION_LEVEL = 0;
				GCC_PREPROCESSOR_DEFINITIONS = (
					"DEBUG=1",
					"$(inherited)",
				);
				GCC_WARN_64_TO_32_BIT_CONVERSION = YES;
				GCC_WARN_ABOUT_RETURN_TYPE = YES_ERROR;
				GCC_WARN_UNDECLARED_SELECTOR = YES;
				GCC_WARN_UNINITIALIZED_AUTOS = YES_AGGRESSIVE;
				GCC_WARN_UNUSED_FUNCTION = YES;
				GCC_WARN_UNUSED_VARIABLE = YES;
				IPHONEOS_DEPLOYMENT_TARGET = 15.0;
				MTL_ENABLE_DEBUG_INFO = INCLUDE_SOURCE;
				MTL_FAST_MATH = YES;
				ONLY_ACTIVE_ARCH = YES;
				SDKROOT = iphoneos;
				SWIFT_ACTIVE_COMPILATION_CONDITIONS = DEBUG;
				SWIFT_OPTIMIZATION_LEVEL = "-Onone";
			};
			name = Debug;
		};
		CC76866228AB72BB00B82C52 /* Release */ = {
			isa = XCBuildConfiguration;
			buildSettings = {
				ALWAYS_SEARCH_USER_PATHS = NO;
				CLANG_ANALYZER_NONNULL = YES;
				CLANG_ANALYZER_NUMBER_OBJECT_CONVERSION = YES_AGGRESSIVE;
				CLANG_CXX_LANGUAGE_STANDARD = "gnu++17";
				CLANG_CXX_LIBRARY = "libc++";
				CLANG_ENABLE_MODULES = YES;
				CLANG_ENABLE_OBJC_ARC = YES;
				CLANG_ENABLE_OBJC_WEAK = YES;
				CLANG_WARN_BLOCK_CAPTURE_AUTORELEASING = YES;
				CLANG_WARN_BOOL_CONVERSION = YES;
				CLANG_WARN_COMMA = YES;
				CLANG_WARN_CONSTANT_CONVERSION = YES;
				CLANG_WARN_DEPRECATED_OBJC_IMPLEMENTATIONS = YES;
				CLANG_WARN_DIRECT_OBJC_ISA_USAGE = YES_ERROR;
				CLANG_WARN_DOCUMENTATION_COMMENTS = YES;
				CLANG_WARN_EMPTY_BODY = YES;
				CLANG_WARN_ENUM_CONVERSION = YES;
				CLANG_WARN_INFINITE_RECURSION = YES;
				CLANG_WARN_INT_CONVERSION = YES;
				CLANG_WARN_NON_LITERAL_NULL_CONVERSION = YES;
				CLANG_WARN_OBJC_IMPLICIT_RETAIN_SELF = YES;
				CLANG_WARN_OBJC_LITERAL_CONVERSION = YES;
				CLANG_WARN_OBJC_ROOT_CLASS = YES_ERROR;
				CLANG_WARN_QUOTED_INCLUDE_IN_FRAMEWORK_HEADER = YES;
				CLANG_WARN_RANGE_LOOP_ANALYSIS = YES;
				CLANG_WARN_STRICT_PROTOTYPES = YES;
				CLANG_WARN_SUSPICIOUS_MOVE = YES;
				CLANG_WARN_UNGUARDED_AVAILABILITY = YES_AGGRESSIVE;
				CLANG_WARN_UNREACHABLE_CODE = YES;
				CLANG_WARN__DUPLICATE_METHOD_MATCH = YES;
				COPY_PHASE_STRIP = NO;
				DEBUG_INFORMATION_FORMAT = "dwarf-with-dsym";
				ENABLE_NS_ASSERTIONS = NO;
				ENABLE_STRICT_OBJC_MSGSEND = YES;
				GCC_C_LANGUAGE_STANDARD = gnu11;
				GCC_NO_COMMON_BLOCKS = YES;
				GCC_WARN_64_TO_32_BIT_CONVERSION = YES;
				GCC_WARN_ABOUT_RETURN_TYPE = YES_ERROR;
				GCC_WARN_UNDECLARED_SELECTOR = YES;
				GCC_WARN_UNINITIALIZED_AUTOS = YES_AGGRESSIVE;
				GCC_WARN_UNUSED_FUNCTION = YES;
				GCC_WARN_UNUSED_VARIABLE = YES;
				IPHONEOS_DEPLOYMENT_TARGET = 15.0;
				MTL_ENABLE_DEBUG_INFO = NO;
				MTL_FAST_MATH = YES;
				SDKROOT = iphoneos;
				SWIFT_COMPILATION_MODE = wholemodule;
				SWIFT_OPTIMIZATION_LEVEL = "-O";
				VALIDATE_PRODUCT = YES;
			};
			name = Release;
		};
		CC76866428AB72BB00B82C52 /* Debug */ = {
			isa = XCBuildConfiguration;
			buildSettings = {
				ASSETCATALOG_COMPILER_APPICON_NAME = AppIcon;
				ASSETCATALOG_COMPILER_GLOBAL_ACCENT_COLOR_NAME = AccentColor;
				CODE_SIGN_STYLE = Automatic;
				CURRENT_PROJECT_VERSION = 1;
				DEVELOPMENT_ASSET_PATHS = "\"CoreSwift/Preview Content\"";
				DEVELOPMENT_TEAM = S4XYLC2B8H;
				ENABLE_PREVIEWS = YES;
				GENERATE_INFOPLIST_FILE = YES;
				INFOPLIST_KEY_UIApplicationSceneManifest_Generation = YES;
				INFOPLIST_KEY_UIApplicationSupportsIndirectInputEvents = YES;
				INFOPLIST_KEY_UILaunchScreen_Generation = YES;
				INFOPLIST_KEY_UISupportedInterfaceOrientations_iPad = "UIInterfaceOrientationPortrait UIInterfaceOrientationPortraitUpsideDown UIInterfaceOrientationLandscapeLeft UIInterfaceOrientationLandscapeRight";
				INFOPLIST_KEY_UISupportedInterfaceOrientations_iPhone = "UIInterfaceOrientationPortrait UIInterfaceOrientationLandscapeLeft UIInterfaceOrientationLandscapeRight";
				LD_RUNPATH_SEARCH_PATHS = (
					"$(inherited)",
					"@executable_path/Frameworks",
				);
				MARKETING_VERSION = 1.0;
				PRODUCT_BUNDLE_IDENTIFIER = com.heshan.ant.core.CoreSwift;
				PRODUCT_NAME = "$(TARGET_NAME)";
				SWIFT_EMIT_LOC_STRINGS = YES;
				SWIFT_VERSION = 5.0;
				TARGETED_DEVICE_FAMILY = "1,2";
			};
			name = Debug;
		};
		CC76866528AB72BB00B82C52 /* Release */ = {
			isa = XCBuildConfiguration;
			buildSettings = {
				ASSETCATALOG_COMPILER_APPICON_NAME = AppIcon;
				ASSETCATALOG_COMPILER_GLOBAL_ACCENT_COLOR_NAME = AccentColor;
				CODE_SIGN_STYLE = Automatic;
				CURRENT_PROJECT_VERSION = 1;
				DEVELOPMENT_ASSET_PATHS = "\"CoreSwift/Preview Content\"";
				DEVELOPMENT_TEAM = S4XYLC2B8H;
				ENABLE_PREVIEWS = YES;
				GENERATE_INFOPLIST_FILE = YES;
				INFOPLIST_KEY_UIApplicationSceneManifest_Generation = YES;
				INFOPLIST_KEY_UIApplicationSupportsIndirectInputEvents = YES;
				INFOPLIST_KEY_UILaunchScreen_Generation = YES;
				INFOPLIST_KEY_UISupportedInterfaceOrientations_iPad = "UIInterfaceOrientationPortrait UIInterfaceOrientationPortraitUpsideDown UIInterfaceOrientationLandscapeLeft UIInterfaceOrientationLandscapeRight";
				INFOPLIST_KEY_UISupportedInterfaceOrientations_iPhone = "UIInterfaceOrientationPortrait UIInterfaceOrientationLandscapeLeft UIInterfaceOrientationLandscapeRight";
				LD_RUNPATH_SEARCH_PATHS = (
					"$(inherited)",
					"@executable_path/Frameworks",
				);
				MARKETING_VERSION = 1.0;
				PRODUCT_BUNDLE_IDENTIFIER = com.heshan.ant.core.CoreSwift;
				PRODUCT_NAME = "$(TARGET_NAME)";
				SWIFT_EMIT_LOC_STRINGS = YES;
				SWIFT_VERSION = 5.0;
				TARGETED_DEVICE_FAMILY = "1,2";
			};
			name = Release;
		};
		CC76867628AB73B600B82C52 /* Debug */ = {
			isa = XCBuildConfiguration;
			buildSettings = {
				ASSETCATALOG_COMPILER_APPICON_NAME = AppIcon;
				ASSETCATALOG_COMPILER_GLOBAL_ACCENT_COLOR_NAME = AccentColor;
				CODE_SIGN_STYLE = Automatic;
				CURRENT_PROJECT_VERSION = 1;
				DEVELOPMENT_ASSET_PATHS = "\"SwiftUIBasic/Preview Content\"";
				DEVELOPMENT_TEAM = S4XYLC2B8H;
				ENABLE_PREVIEWS = YES;
				GENERATE_INFOPLIST_FILE = YES;
				INFOPLIST_KEY_UIApplicationSceneManifest_Generation = YES;
				INFOPLIST_KEY_UIApplicationSupportsIndirectInputEvents = YES;
				INFOPLIST_KEY_UILaunchScreen_Generation = YES;
				INFOPLIST_KEY_UISupportedInterfaceOrientations_iPad = "UIInterfaceOrientationPortrait UIInterfaceOrientationPortraitUpsideDown UIInterfaceOrientationLandscapeLeft UIInterfaceOrientationLandscapeRight";
				INFOPLIST_KEY_UISupportedInterfaceOrientations_iPhone = "UIInterfaceOrientationPortrait UIInterfaceOrientationLandscapeLeft UIInterfaceOrientationLandscapeRight";
				LD_RUNPATH_SEARCH_PATHS = (
					"$(inherited)",
					"@executable_path/Frameworks",
				);
				MARKETING_VERSION = 1.0;
				PRODUCT_BUNDLE_IDENTIFIER = com.heshan.ant.core.SwiftUIBasic;
				PRODUCT_NAME = "$(TARGET_NAME)";
				SWIFT_EMIT_LOC_STRINGS = YES;
				SWIFT_VERSION = 5.0;
				TARGETED_DEVICE_FAMILY = "1,2";
			};
			name = Debug;
		};
		CC76867728AB73B600B82C52 /* Release */ = {
			isa = XCBuildConfiguration;
			buildSettings = {
				ASSETCATALOG_COMPILER_APPICON_NAME = AppIcon;
				ASSETCATALOG_COMPILER_GLOBAL_ACCENT_COLOR_NAME = AccentColor;
				CODE_SIGN_STYLE = Automatic;
				CURRENT_PROJECT_VERSION = 1;
				DEVELOPMENT_ASSET_PATHS = "\"SwiftUIBasic/Preview Content\"";
				DEVELOPMENT_TEAM = S4XYLC2B8H;
				ENABLE_PREVIEWS = YES;
				GENERATE_INFOPLIST_FILE = YES;
				INFOPLIST_KEY_UIApplicationSceneManifest_Generation = YES;
				INFOPLIST_KEY_UIApplicationSupportsIndirectInputEvents = YES;
				INFOPLIST_KEY_UILaunchScreen_Generation = YES;
				INFOPLIST_KEY_UISupportedInterfaceOrientations_iPad = "UIInterfaceOrientationPortrait UIInterfaceOrientationPortraitUpsideDown UIInterfaceOrientationLandscapeLeft UIInterfaceOrientationLandscapeRight";
				INFOPLIST_KEY_UISupportedInterfaceOrientations_iPhone = "UIInterfaceOrientationPortrait UIInterfaceOrientationLandscapeLeft UIInterfaceOrientationLandscapeRight";
				LD_RUNPATH_SEARCH_PATHS = (
					"$(inherited)",
					"@executable_path/Frameworks",
				);
				MARKETING_VERSION = 1.0;
				PRODUCT_BUNDLE_IDENTIFIER = com.heshan.ant.core.SwiftUIBasic;
				PRODUCT_NAME = "$(TARGET_NAME)";
				SWIFT_EMIT_LOC_STRINGS = YES;
				SWIFT_VERSION = 5.0;
				TARGETED_DEVICE_FAMILY = "1,2";
			};
			name = Release;
		};
		CC76868A28AB7CEA00B82C52 /* Debug */ = {
			isa = XCBuildConfiguration;
			buildSettings = {
				ASSETCATALOG_COMPILER_APPICON_NAME = AppIcon;
				ASSETCATALOG_COMPILER_GLOBAL_ACCENT_COLOR_NAME = AccentColor;
				CODE_SIGN_STYLE = Automatic;
				CURRENT_PROJECT_VERSION = 1;
				DEVELOPMENT_ASSET_PATHS = "\"DesignPattern/Preview Content\"";
				DEVELOPMENT_TEAM = S4XYLC2B8H;
				ENABLE_PREVIEWS = YES;
				GENERATE_INFOPLIST_FILE = YES;
				INFOPLIST_KEY_UIApplicationSceneManifest_Generation = YES;
				INFOPLIST_KEY_UIApplicationSupportsIndirectInputEvents = YES;
				INFOPLIST_KEY_UILaunchScreen_Generation = YES;
				INFOPLIST_KEY_UISupportedInterfaceOrientations_iPad = "UIInterfaceOrientationPortrait UIInterfaceOrientationPortraitUpsideDown UIInterfaceOrientationLandscapeLeft UIInterfaceOrientationLandscapeRight";
				INFOPLIST_KEY_UISupportedInterfaceOrientations_iPhone = "UIInterfaceOrientationPortrait UIInterfaceOrientationLandscapeLeft UIInterfaceOrientationLandscapeRight";
				LD_RUNPATH_SEARCH_PATHS = (
					"$(inherited)",
					"@executable_path/Frameworks",
				);
				MARKETING_VERSION = 1.0;
				PRODUCT_BUNDLE_IDENTIFIER = com.heshan.ant.core.DesignPattern;
				PRODUCT_NAME = "$(TARGET_NAME)";
				SWIFT_EMIT_LOC_STRINGS = YES;
				SWIFT_VERSION = 5.0;
				TARGETED_DEVICE_FAMILY = "1,2";
			};
			name = Debug;
		};
		CC76868B28AB7CEA00B82C52 /* Release */ = {
			isa = XCBuildConfiguration;
			buildSettings = {
				ASSETCATALOG_COMPILER_APPICON_NAME = AppIcon;
				ASSETCATALOG_COMPILER_GLOBAL_ACCENT_COLOR_NAME = AccentColor;
				CODE_SIGN_STYLE = Automatic;
				CURRENT_PROJECT_VERSION = 1;
				DEVELOPMENT_ASSET_PATHS = "\"DesignPattern/Preview Content\"";
				DEVELOPMENT_TEAM = S4XYLC2B8H;
				ENABLE_PREVIEWS = YES;
				GENERATE_INFOPLIST_FILE = YES;
				INFOPLIST_KEY_UIApplicationSceneManifest_Generation = YES;
				INFOPLIST_KEY_UIApplicationSupportsIndirectInputEvents = YES;
				INFOPLIST_KEY_UILaunchScreen_Generation = YES;
				INFOPLIST_KEY_UISupportedInterfaceOrientations_iPad = "UIInterfaceOrientationPortrait UIInterfaceOrientationPortraitUpsideDown UIInterfaceOrientationLandscapeLeft UIInterfaceOrientationLandscapeRight";
				INFOPLIST_KEY_UISupportedInterfaceOrientations_iPhone = "UIInterfaceOrientationPortrait UIInterfaceOrientationLandscapeLeft UIInterfaceOrientationLandscapeRight";
				LD_RUNPATH_SEARCH_PATHS = (
					"$(inherited)",
					"@executable_path/Frameworks",
				);
				MARKETING_VERSION = 1.0;
				PRODUCT_BUNDLE_IDENTIFIER = com.heshan.ant.core.DesignPattern;
				PRODUCT_NAME = "$(TARGET_NAME)";
				SWIFT_EMIT_LOC_STRINGS = YES;
				SWIFT_VERSION = 5.0;
				TARGETED_DEVICE_FAMILY = "1,2";
			};
			name = Release;
		};
/* End XCBuildConfiguration section */

/* Begin XCConfigurationList section */
		CC76865028AB72B900B82C52 /* Build configuration list for PBXProject "CoreSwift" */ = {
			isa = XCConfigurationList;
			buildConfigurations = (
				CC76866128AB72BB00B82C52 /* Debug */,
				CC76866228AB72BB00B82C52 /* Release */,
			);
			defaultConfigurationIsVisible = 0;
			defaultConfigurationName = Release;
		};
		CC76866328AB72BB00B82C52 /* Build configuration list for PBXNativeTarget "CoreSwift" */ = {
			isa = XCConfigurationList;
			buildConfigurations = (
				CC76866428AB72BB00B82C52 /* Debug */,
				CC76866528AB72BB00B82C52 /* Release */,
			);
			defaultConfigurationIsVisible = 0;
			defaultConfigurationName = Release;
		};
		CC76867528AB73B600B82C52 /* Build configuration list for PBXNativeTarget "SwiftUIBasic" */ = {
			isa = XCConfigurationList;
			buildConfigurations = (
				CC76867628AB73B600B82C52 /* Debug */,
				CC76867728AB73B600B82C52 /* Release */,
			);
			defaultConfigurationIsVisible = 0;
			defaultConfigurationName = Release;
		};
		CC76868928AB7CEA00B82C52 /* Build configuration list for PBXNativeTarget "DesignPattern" */ = {
			isa = XCConfigurationList;
			buildConfigurations = (
				CC76868A28AB7CEA00B82C52 /* Debug */,
				CC76868B28AB7CEA00B82C52 /* Release */,
			);
			defaultConfigurationIsVisible = 0;
			defaultConfigurationName = Release;
		};
/* End XCConfigurationList section */
	};
	rootObject = CC76864D28AB72B900B82C52 /* Project object */;
}
